Microsoft Visual Studio Solution File, Format Version 12.00
# Visual Studio Version 17
VisualStudioVersion = 17.5.2.0
MinimumVisualStudioVersion = 10.0.40219.1
Project("{FAE04EC0-301F-11D3-BF4B-00C04F79EFBC}") = "SpireScryer", "SpireScryer.csproj", "{CC728866-A8D0-6184-5967-B95A60DD7A38}"
EndProject
Global
	GlobalSection(SolutionConfigurationPlatforms) = preSolution
		Debug|Any CPU = Debug|Any CPU
		Release|Any CPU = Release|Any CPU
	EndGlobalSection
	GlobalSection(ProjectConfigurationPlatforms) = postSolution
		{CC728866-A8D0-6184-5967-B95A60DD7A38}.Debug|Any CPU.ActiveCfg = Debug|Any CPU
		{CC728866-A8D0-6184-5967-B95A60DD7A38}.Debug|Any CPU.Build.0 = Debug|Any CPU
		{CC728866-A8D0-6184-5967-B95A60DD7A38}.Release|Any CPU.ActiveCfg = Release|Any CPU
		{CC728866-A8D0-6184-5967-B95A60DD7A38}.Release|Any CPU.Build.0 = Release|Any CPU
	EndGlobalSection
	GlobalSection(SolutionProperties) = preSolution
		HideSolutionNode = FALSE
	EndGlobalSection
	GlobalSection(ExtensibilityGlobals) = postSolution
		SolutionGuid = {5FB4D415-C3FD-4368-AE46-95ECD615D767}
	EndGlobalSection
EndGlobal
